// !$*UTF8*$!
{
	archiveVersion = 1;
	classes = {
	};
	objectVersion = 46;
	objects = {

/* Begin PBXBuildFile section */
		F78AC13037F04624A2F80D9A /* libPods.a in Frameworks */ = {isa = PBXBuildFile; fileRef = F89F9838FFAD409CB7CBD870 /* libPods.a */; };
		FF03958A196D528200EA1CF6 /* StartViewController.m in Sources */ = {isa = PBXBuildFile; fileRef = FF039588196D528200EA1CF6 /* StartViewController.m */; };
		FF0DC1B9196CA1CC006E1817 /* LogInViewController.xib in Resources */ = {isa = PBXBuildFile; fileRef = FF0DC1B8196CA1CC006E1817 /* LogInViewController.xib */; };
		FF11F5C4196DF08200590C10 /* GEALabel.m in Sources */ = {isa = PBXBuildFile; fileRef = FF11F5C1196DF08200590C10 /* GEALabel.m */; };
		FF11F5C5196DF08200590C10 /* GEALabel+Gymnea.m in Sources */ = {isa = PBXBuildFile; fileRef = FF11F5C3196DF08200590C10 /* GEALabel+Gymnea.m */; };
		FF23A64019825DDC00E62C5B /* WorkoutDayTableViewCell.m in Sources */ = {isa = PBXBuildFile; fileRef = FF23A63E19825DDC00E62C5B /* WorkoutDayTableViewCell.m */; };
		FF23A6431982964100E62C5B /* WorkoutDayTableViewController.xib in Resources */ = {isa = PBXBuildFile; fileRef = FF23A6421982964100E62C5B /* WorkoutDayTableViewController.xib */; };
		FF23A6461982968200E62C5B /* WorkoutDayTableViewCell.xib in Resources */ = {isa = PBXBuildFile; fileRef = FF23A6441982968200E62C5B /* WorkoutDayTableViewCell.xib */; };
		FF23A6471982968200E62C5B /* GenericWorkoutsViewController.xib in Resources */ = {isa = PBXBuildFile; fileRef = FF23A6451982968200E62C5B /* GenericWorkoutsViewController.xib */; };
		FF23A64D1982F48800E62C5B /* ChooseWorkoutDayViewController.m in Sources */ = {isa = PBXBuildFile; fileRef = FF23A64B1982F48800E62C5B /* ChooseWorkoutDayViewController.m */; };
		FF2521ED1987E78000D9E9B1 /* GenericWorkoutCollectionViewCell.m in Sources */ = {isa = PBXBuildFile; fileRef = FF2521EB1987E78000D9E9B1 /* GenericWorkoutCollectionViewCell.m */; };
		FF2521EE1987E78000D9E9B1 /* GenericWorkoutCollectionViewCell.xib in Resources */ = {isa = PBXBuildFile; fileRef = FF2521EC1987E78000D9E9B1 /* GenericWorkoutCollectionViewCell.xib */; };
		FF3F70A4196D52EF007AADF1 /* StartViewController.xib in Resources */ = {isa = PBXBuildFile; fileRef = FF3F70A3196D52EF007AADF1 /* StartViewController.xib */; };
		FF3F70A8196D54BE007AADF1 /* GEASideMenuController.m in Sources */ = {isa = PBXBuildFile; fileRef = FF3F70A7196D54BE007AADF1 /* GEASideMenuController.m */; };
		FF441EAA197067EC00865065 /* GEASideMenuController.xib in Resources */ = {isa = PBXBuildFile; fileRef = FF441EA9197067EC00865065 /* GEASideMenuController.xib */; };
		FF6A19101985430800DA4E40 /* WorkoutPlayViewController.m in Sources */ = {isa = PBXBuildFile; fileRef = FF6A190E1985430800DA4E40 /* WorkoutPlayViewController.m */; };
		FF6A19111985430800DA4E40 /* WorkoutPlayViewController.xib in Resources */ = {isa = PBXBuildFile; fileRef = FF6A190F1985430800DA4E40 /* WorkoutPlayViewController.xib */; };
		FF7609831988FB9100939C93 /* GymneaWSClient.m in Sources */ = {isa = PBXBuildFile; fileRef = FF7609821988FB9100939C93 /* GymneaWSClient.m */; };
		FF7609861988FBE700939C93 /* SignUpForm.m in Sources */ = {isa = PBXBuildFile; fileRef = FF7609851988FBE700939C93 /* SignUpForm.m */; };
		FF76206B196ABA9100611B3B /* Avenir Next.ttc in Resources */ = {isa = PBXBuildFile; fileRef = FF76206A196ABA9100611B3B /* Avenir Next.ttc */; };
		FF78E77E198647AF001396E3 /* WorkoutPlayExerciseViewController.m in Sources */ = {isa = PBXBuildFile; fileRef = FF78E77C198647AF001396E3 /* WorkoutPlayExerciseViewController.m */; };
		FF78E77F198647AF001396E3 /* WorkoutPlayExerciseViewController.xib in Resources */ = {isa = PBXBuildFile; fileRef = FF78E77D198647AF001396E3 /* WorkoutPlayExerciseViewController.xib */; };
		FF78E78319867265001396E3 /* WorkoutPlayRestViewController.m in Sources */ = {isa = PBXBuildFile; fileRef = FF78E78119867265001396E3 /* WorkoutPlayRestViewController.m */; };
		FF78E78419867265001396E3 /* WorkoutPlayRestViewController.xib in Resources */ = {isa = PBXBuildFile; fileRef = FF78E78219867265001396E3 /* WorkoutPlayRestViewController.xib */; };
		FF80E93F196B39D100D29986 /* InitialQuestionnaireViewController.m in Sources */ = {isa = PBXBuildFile; fileRef = FF80E93D196B39D100D29986 /* InitialQuestionnaireViewController.m */; };
		FF80E942196B3A3600D29986 /* InitialQuestionnaireViewController.xib in Resources */ = {isa = PBXBuildFile; fileRef = FF80E941196B3A3600D29986 /* InitialQuestionnaireViewController.xib */; };
		FF8162541982F5C800443C13 /* ChooseWorkoutDayViewController.xib in Resources */ = {isa = PBXBuildFile; fileRef = FF8162531982F5C800443C13 /* ChooseWorkoutDayViewController.xib */; };
		FF816258198305B500443C13 /* ChooseWorkoutDayTableViewController.m in Sources */ = {isa = PBXBuildFile; fileRef = FF816256198305B500443C13 /* ChooseWorkoutDayTableViewController.m */; };
		FF816259198305B500443C13 /* ChooseWorkoutDayTableViewController.xib in Resources */ = {isa = PBXBuildFile; fileRef = FF816257198305B500443C13 /* ChooseWorkoutDayTableViewController.xib */; };
		FF81625D1983222000443C13 /* ChooseWorkoutDayTableViewCell.m in Sources */ = {isa = PBXBuildFile; fileRef = FF81625B1983222000443C13 /* ChooseWorkoutDayTableViewCell.m */; };
		FF81625E1983222000443C13 /* ChooseWorkoutDayTableViewCell.xib in Resources */ = {isa = PBXBuildFile; fileRef = FF81625C1983222000443C13 /* ChooseWorkoutDayTableViewCell.xib */; };
		FF8E69A91987AD1E008C6BF9 /* GEAScrollableTabBarController.m in Sources */ = {isa = PBXBuildFile; fileRef = FF8E69A61987AD1E008C6BF9 /* GEAScrollableTabBarController.m */; };
		FF8E69AA1987AD1E008C6BF9 /* GEATouchView.m in Sources */ = {isa = PBXBuildFile; fileRef = FF8E69A81987AD1E008C6BF9 /* GEATouchView.m */; };
		FF9110A4197B10BD00818E95 /* WorkoutDescriptionViewController.m in Sources */ = {isa = PBXBuildFile; fileRef = FF91109F197B10BD00818E95 /* WorkoutDescriptionViewController.m */; };
		FF9110A5197B10BD00818E95 /* WorkoutDetailViewController.m in Sources */ = {isa = PBXBuildFile; fileRef = FF9110A1197B10BD00818E95 /* WorkoutDetailViewController.m */; };
		FF9110A6197B10BD00818E95 /* EventReviewViewController.m in Sources */ = {isa = PBXBuildFile; fileRef = FF9110A3197B10BD00818E95 /* EventReviewViewController.m */; };
		FF9110AB197B187600818E95 /* Event.m in Sources */ = {isa = PBXBuildFile; fileRef = FF9110AA197B187600818E95 /* Event.m */; };
		FF9110B5197B1DF200818E95 /* EventReview.m in Sources */ = {isa = PBXBuildFile; fileRef = FF9110B4197B1DF200818E95 /* EventReview.m */; };
		FF9110B8197B1ED400818E95 /* EventDetail.m in Sources */ = {isa = PBXBuildFile; fileRef = FF9110B7197B1ED400818E95 /* EventDetail.m */; };
		FF9110BC197BB1B500818E95 /* WorkoutDescriptionViewController.xib in Resources */ = {isa = PBXBuildFile; fileRef = FF9110B9197BB1B500818E95 /* WorkoutDescriptionViewController.xib */; };
		FF9110BD197BB1B500818E95 /* WorkoutDetailViewController.xib in Resources */ = {isa = PBXBuildFile; fileRef = FF9110BA197BB1B500818E95 /* WorkoutDetailViewController.xib */; };
		FF9110BE197BB1B500818E95 /* EventReviewViewController.xib in Resources */ = {isa = PBXBuildFile; fileRef = FF9110BB197BB1B500818E95 /* EventReviewViewController.xib */; };
		FF9110C1197BB4AD00818E95 /* GEAPopoverViewController.m in Sources */ = {isa = PBXBuildFile; fileRef = FF9110C0197BB4AD00818E95 /* GEAPopoverViewController.m */; };
		FFA137571969A58000DBEE68 /* main.m in Sources */ = {isa = PBXBuildFile; fileRef = FFA137561969A58000DBEE68 /* main.m */; };
		FFA1375A1969A58000DBEE68 /* AppDelegate.m in Sources */ = {isa = PBXBuildFile; fileRef = FFA137591969A58000DBEE68 /* AppDelegate.m */; };
		FFA1375D1969A58000DBEE68 /* gymnea.xcdatamodeld in Sources */ = {isa = PBXBuildFile; fileRef = FFA1375B1969A58000DBEE68 /* gymnea.xcdatamodeld */; };
		FFA137651969A58000DBEE68 /* Images.xcassets in Resources */ = {isa = PBXBuildFile; fileRef = FFA137641969A58000DBEE68 /* Images.xcassets */; };
		FFA137711969A58000DBEE68 /* gymneaTests.m in Sources */ = {isa = PBXBuildFile; fileRef = FFA137701969A58000DBEE68 /* gymneaTests.m */; };
		FFA1377B1969A7C200DBEE68 /* HealthKit.framework in Frameworks */ = {isa = PBXBuildFile; fileRef = FFA1377A1969A7C200DBEE68 /* HealthKit.framework */; };
		FFA137871969F9EA00DBEE68 /* InitialViewController.m in Sources */ = {isa = PBXBuildFile; fileRef = FFA137861969F9EA00DBEE68 /* InitialViewController.m */; };
		FFA1378E196A02D300DBEE68 /* InitialViewController.xib in Resources */ = {isa = PBXBuildFile; fileRef = FFA1378D196A02D200DBEE68 /* InitialViewController.xib */; };
		FFABFDCF196C4A03004FC527 /* InitialQuestionnaireGoalViewController.m in Sources */ = {isa = PBXBuildFile; fileRef = FFABFDCD196C4A03004FC527 /* InitialQuestionnaireGoalViewController.m */; };
		FFABFDD2196C4A48004FC527 /* InitialQuestionnaireGoalViewController.xib in Resources */ = {isa = PBXBuildFile; fileRef = FFABFDD1196C4A48004FC527 /* InitialQuestionnaireGoalViewController.xib */; };
		FFABFDD6196C88C4004FC527 /* SignUpViewController.m in Sources */ = {isa = PBXBuildFile; fileRef = FFABFDD4196C88C4004FC527 /* SignUpViewController.m */; };
		FFABFDD9196C8920004FC527 /* SignUpViewController.xib in Resources */ = {isa = PBXBuildFile; fileRef = FFABFDD8196C8920004FC527 /* SignUpViewController.xib */; };
		FFABFDDD196CA111004FC527 /* LogInViewController.m in Sources */ = {isa = PBXBuildFile; fileRef = FFABFDDB196CA111004FC527 /* LogInViewController.m */; };
		FFADD41C198851A4009F14F3 /* clock_tic.wav in Resources */ = {isa = PBXBuildFile; fileRef = FFADD41B198851A4009F14F3 /* clock_tic.wav */; };
		FFDDE707197D2A34009694D9 /* GenericWorkoutsViewController.m in Sources */ = {isa = PBXBuildFile; fileRef = FFDDE705197D2A34009694D9 /* GenericWorkoutsViewController.m */; };
		FFF5715219800CBD00BE457B /* WorkoutDayTableViewController.m in Sources */ = {isa = PBXBuildFile; fileRef = FFF5715019800CBD00BE457B /* WorkoutDayTableViewController.m */; };
		FFF779471985340C0073E0BE /* NextExerciseCountdownViewController.m in Sources */ = {isa = PBXBuildFile; fileRef = FFF779451985340C0073E0BE /* NextExerciseCountdownViewController.m */; };
		FFF779481985340C0073E0BE /* NextExerciseCountdownViewController.xib in Resources */ = {isa = PBXBuildFile; fileRef = FFF779461985340C0073E0BE /* NextExerciseCountdownViewController.xib */; };
/* End PBXBuildFile section */

/* Begin PBXContainerItemProxy section */
		FFA1376B1969A58000DBEE68 /* PBXContainerItemProxy */ = {
			isa = PBXContainerItemProxy;
			containerPortal = FFA137491969A58000DBEE68 /* Project object */;
			proxyType = 1;
			remoteGlobalIDString = FFA137501969A58000DBEE68;
			remoteInfo = gymnea;
		};
/* End PBXContainerItemProxy section */

/* Begin PBXFileReference section */
		835B97ED97C9435588A3435D /* Pods.xcconfig */ = {isa = PBXFileReference; includeInIndex = 1; lastKnownFileType = text.xcconfig; name = Pods.xcconfig; path = Pods/Pods.xcconfig; sourceTree = "<group>"; };
		F89F9838FFAD409CB7CBD870 /* libPods.a */ = {isa = PBXFileReference; explicitFileType = archive.ar; includeInIndex = 0; path = libPods.a; sourceTree = BUILT_PRODUCTS_DIR; };
		FF039587196D528200EA1CF6 /* StartViewController.h */ = {isa = PBXFileReference; fileEncoding = 4; lastKnownFileType = sourcecode.c.h; name = StartViewController.h; path = Classes/Controller/StartViewController.h; sourceTree = "<group>"; };
		FF039588196D528200EA1CF6 /* StartViewController.m */ = {isa = PBXFileReference; fileEncoding = 4; lastKnownFileType = sourcecode.c.objc; name = StartViewController.m; path = Classes/Controller/StartViewController.m; sourceTree = "<group>"; };
		FF0DC1B8196CA1CC006E1817 /* LogInViewController.xib */ = {isa = PBXFileReference; fileEncoding = 4; lastKnownFileType = file.xib; name = LogInViewController.xib; path = Resources/Views/LogInViewController.xib; sourceTree = "<group>"; };
		FF11F5C0196DF08200590C10 /* GEALabel.h */ = {isa = PBXFileReference; fileEncoding = 4; lastKnownFileType = sourcecode.c.h; name = GEALabel.h; path = Classes/Controller/Views/GEALabel.h; sourceTree = "<group>"; };
		FF11F5C1196DF08200590C10 /* GEALabel.m */ = {isa = PBXFileReference; fileEncoding = 4; lastKnownFileType = sourcecode.c.objc; name = GEALabel.m; path = Classes/Controller/Views/GEALabel.m; sourceTree = "<group>"; };
		FF11F5C2196DF08200590C10 /* GEALabel+Gymnea.h */ = {isa = PBXFileReference; fileEncoding = 4; lastKnownFileType = sourcecode.c.h; name = "GEALabel+Gymnea.h"; path = "Classes/Controller/Views/GEALabel+Gymnea.h"; sourceTree = "<group>"; };
		FF11F5C3196DF08200590C10 /* GEALabel+Gymnea.m */ = {isa = PBXFileReference; fileEncoding = 4; lastKnownFileType = sourcecode.c.objc; name = "GEALabel+Gymnea.m"; path = "Classes/Controller/Views/GEALabel+Gymnea.m"; sourceTree = "<group>"; };
		FF23A63D19825DDC00E62C5B /* WorkoutDayTableViewCell.h */ = {isa = PBXFileReference; fileEncoding = 4; lastKnownFileType = sourcecode.c.h; name = WorkoutDayTableViewCell.h; path = Classes/Controller/WorkoutDayTableViewCell.h; sourceTree = "<group>"; };
		FF23A63E19825DDC00E62C5B /* WorkoutDayTableViewCell.m */ = {isa = PBXFileReference; fileEncoding = 4; lastKnownFileType = sourcecode.c.objc; name = WorkoutDayTableViewCell.m; path = Classes/Controller/WorkoutDayTableViewCell.m; sourceTree = "<group>"; };
		FF23A6421982964100E62C5B /* WorkoutDayTableViewController.xib */ = {isa = PBXFileReference; fileEncoding = 4; lastKnownFileType = file.xib; name = WorkoutDayTableViewController.xib; path = Resources/Views/WorkoutDayTableViewController.xib; sourceTree = "<group>"; };
		FF23A6441982968200E62C5B /* WorkoutDayTableViewCell.xib */ = {isa = PBXFileReference; fileEncoding = 4; lastKnownFileType = file.xib; name = WorkoutDayTableViewCell.xib; path = Resources/Views/WorkoutDayTableViewCell.xib; sourceTree = "<group>"; };
		FF23A6451982968200E62C5B /* GenericWorkoutsViewController.xib */ = {isa = PBXFileReference; fileEncoding = 4; lastKnownFileType = file.xib; name = GenericWorkoutsViewController.xib; path = Resources/Views/GenericWorkoutsViewController.xib; sourceTree = "<group>"; };
		FF23A64A1982F48800E62C5B /* ChooseWorkoutDayViewController.h */ = {isa = PBXFileReference; fileEncoding = 4; lastKnownFileType = sourcecode.c.h; name = ChooseWorkoutDayViewController.h; path = Classes/Controller/ChooseWorkoutDayViewController.h; sourceTree = "<group>"; };
		FF23A64B1982F48800E62C5B /* ChooseWorkoutDayViewController.m */ = {isa = PBXFileReference; fileEncoding = 4; lastKnownFileType = sourcecode.c.objc; name = ChooseWorkoutDayViewController.m; path = Classes/Controller/ChooseWorkoutDayViewController.m; sourceTree = "<group>"; };
		FF2521EA1987E78000D9E9B1 /* GenericWorkoutCollectionViewCell.h */ = {isa = PBXFileReference; fileEncoding = 4; lastKnownFileType = sourcecode.c.h; name = GenericWorkoutCollectionViewCell.h; path = Classes/Controller/GenericWorkoutCollectionViewCell.h; sourceTree = "<group>"; };
		FF2521EB1987E78000D9E9B1 /* GenericWorkoutCollectionViewCell.m */ = {isa = PBXFileReference; fileEncoding = 4; lastKnownFileType = sourcecode.c.objc; name = GenericWorkoutCollectionViewCell.m; path = Classes/Controller/GenericWorkoutCollectionViewCell.m; sourceTree = "<group>"; };
		FF2521EC1987E78000D9E9B1 /* GenericWorkoutCollectionViewCell.xib */ = {isa = PBXFileReference; fileEncoding = 4; lastKnownFileType = file.xib; name = GenericWorkoutCollectionViewCell.xib; path = Classes/Controller/GenericWorkoutCollectionViewCell.xib; sourceTree = "<group>"; };
		FF3F70A3196D52EF007AADF1 /* StartViewController.xib */ = {isa = PBXFileReference; fileEncoding = 4; lastKnownFileType = file.xib; name = StartViewController.xib; path = Resources/Views/StartViewController.xib; sourceTree = "<group>"; };
		FF3F70A6196D54BE007AADF1 /* GEASideMenuController.h */ = {isa = PBXFileReference; fileEncoding = 4; lastKnownFileType = sourcecode.c.h; name = GEASideMenuController.h; path = Classes/Controller/Containers/GEASideMenuController.h; sourceTree = "<group>"; };
		FF3F70A7196D54BE007AADF1 /* GEASideMenuController.m */ = {isa = PBXFileReference; fileEncoding = 4; lastKnownFileType = sourcecode.c.objc; name = GEASideMenuController.m; path = Classes/Controller/Containers/GEASideMenuController.m; sourceTree = "<group>"; };
		FF441EA9197067EC00865065 /* GEASideMenuController.xib */ = {isa = PBXFileReference; fileEncoding = 4; lastKnownFileType = file.xib; name = GEASideMenuController.xib; path = Resources/Views/GEASideMenuController.xib; sourceTree = "<group>"; };
		FF6A190D1985430800DA4E40 /* WorkoutPlayViewController.h */ = {isa = PBXFileReference; fileEncoding = 4; lastKnownFileType = sourcecode.c.h; name = WorkoutPlayViewController.h; path = Classes/Controller/WorkoutPlayViewController.h; sourceTree = "<group>"; };
		FF6A190E1985430800DA4E40 /* WorkoutPlayViewController.m */ = {isa = PBXFileReference; fileEncoding = 4; lastKnownFileType = sourcecode.c.objc; name = WorkoutPlayViewController.m; path = Classes/Controller/WorkoutPlayViewController.m; sourceTree = "<group>"; };
		FF6A190F1985430800DA4E40 /* WorkoutPlayViewController.xib */ = {isa = PBXFileReference; fileEncoding = 4; lastKnownFileType = file.xib; name = WorkoutPlayViewController.xib; path = Classes/Controller/WorkoutPlayViewController.xib; sourceTree = "<group>"; };
		FF7609811988FB9100939C93 /* GymneaWSClient.h */ = {isa = PBXFileReference; fileEncoding = 4; lastKnownFileType = sourcecode.c.h; path = GymneaWSClient.h; sourceTree = "<group>"; };
		FF7609821988FB9100939C93 /* GymneaWSClient.m */ = {isa = PBXFileReference; fileEncoding = 4; lastKnownFileType = sourcecode.c.objc; path = GymneaWSClient.m; sourceTree = "<group>"; };
		FF7609841988FBE700939C93 /* SignUpForm.h */ = {isa = PBXFileReference; fileEncoding = 4; lastKnownFileType = sourcecode.c.h; path = SignUpForm.h; sourceTree = "<group>"; };
		FF7609851988FBE700939C93 /* SignUpForm.m */ = {isa = PBXFileReference; fileEncoding = 4; lastKnownFileType = sourcecode.c.objc; path = SignUpForm.m; sourceTree = "<group>"; };
		FF76206A196ABA9100611B3B /* Avenir Next.ttc */ = {isa = PBXFileReference; lastKnownFileType = file; name = "Avenir Next.ttc"; path = "Resources/Fonts/Avenir Next.ttc"; sourceTree = "<group>"; };
		FF78E77B198647AF001396E3 /* WorkoutPlayExerciseViewController.h */ = {isa = PBXFileReference; fileEncoding = 4; lastKnownFileType = sourcecode.c.h; name = WorkoutPlayExerciseViewController.h; path = Classes/Controller/WorkoutPlayExerciseViewController.h; sourceTree = "<group>"; };
		FF78E77C198647AF001396E3 /* WorkoutPlayExerciseViewController.m */ = {isa = PBXFileReference; fileEncoding = 4; lastKnownFileType = sourcecode.c.objc; name = WorkoutPlayExerciseViewController.m; path = Classes/Controller/WorkoutPlayExerciseViewController.m; sourceTree = "<group>"; };
		FF78E77D198647AF001396E3 /* WorkoutPlayExerciseViewController.xib */ = {isa = PBXFileReference; fileEncoding = 4; lastKnownFileType = file.xib; name = WorkoutPlayExerciseViewController.xib; path = Classes/Controller/WorkoutPlayExerciseViewController.xib; sourceTree = "<group>"; };
		FF78E78019867265001396E3 /* WorkoutPlayRestViewController.h */ = {isa = PBXFileReference; fileEncoding = 4; lastKnownFileType = sourcecode.c.h; name = WorkoutPlayRestViewController.h; path = Classes/Controller/WorkoutPlayRestViewController.h; sourceTree = "<group>"; };
		FF78E78119867265001396E3 /* WorkoutPlayRestViewController.m */ = {isa = PBXFileReference; fileEncoding = 4; lastKnownFileType = sourcecode.c.objc; name = WorkoutPlayRestViewController.m; path = Classes/Controller/WorkoutPlayRestViewController.m; sourceTree = "<group>"; };
		FF78E78219867265001396E3 /* WorkoutPlayRestViewController.xib */ = {isa = PBXFileReference; fileEncoding = 4; lastKnownFileType = file.xib; name = WorkoutPlayRestViewController.xib; path = Classes/Controller/WorkoutPlayRestViewController.xib; sourceTree = "<group>"; };
		FF80E93C196B39D100D29986 /* InitialQuestionnaireViewController.h */ = {isa = PBXFileReference; fileEncoding = 4; lastKnownFileType = sourcecode.c.h; name = InitialQuestionnaireViewController.h; path = Classes/Controller/InitialQuestionnaireViewController.h; sourceTree = "<group>"; };
		FF80E93D196B39D100D29986 /* InitialQuestionnaireViewController.m */ = {isa = PBXFileReference; fileEncoding = 4; lastKnownFileType = sourcecode.c.objc; name = InitialQuestionnaireViewController.m; path = Classes/Controller/InitialQuestionnaireViewController.m; sourceTree = "<group>"; };
		FF80E941196B3A3600D29986 /* InitialQuestionnaireViewController.xib */ = {isa = PBXFileReference; fileEncoding = 4; lastKnownFileType = file.xib; name = InitialQuestionnaireViewController.xib; path = Resources/Views/InitialQuestionnaireViewController.xib; sourceTree = "<group>"; };
		FF8162531982F5C800443C13 /* ChooseWorkoutDayViewController.xib */ = {isa = PBXFileReference; fileEncoding = 4; lastKnownFileType = file.xib; name = ChooseWorkoutDayViewController.xib; path = Resources/Views/ChooseWorkoutDayViewController.xib; sourceTree = "<group>"; };
		FF816255198305B500443C13 /* ChooseWorkoutDayTableViewController.h */ = {isa = PBXFileReference; fileEncoding = 4; lastKnownFileType = sourcecode.c.h; name = ChooseWorkoutDayTableViewController.h; path = Classes/Controller/ChooseWorkoutDayTableViewController.h; sourceTree = "<group>"; };
		FF816256198305B500443C13 /* ChooseWorkoutDayTableViewController.m */ = {isa = PBXFileReference; fileEncoding = 4; lastKnownFileType = sourcecode.c.objc; name = ChooseWorkoutDayTableViewController.m; path = Classes/Controller/ChooseWorkoutDayTableViewController.m; sourceTree = "<group>"; };
		FF816257198305B500443C13 /* ChooseWorkoutDayTableViewController.xib */ = {isa = PBXFileReference; fileEncoding = 4; lastKnownFileType = file.xib; name = ChooseWorkoutDayTableViewController.xib; path = Classes/Controller/ChooseWorkoutDayTableViewController.xib; sourceTree = "<group>"; };
		FF81625A1983221F00443C13 /* ChooseWorkoutDayTableViewCell.h */ = {isa = PBXFileReference; fileEncoding = 4; lastKnownFileType = sourcecode.c.h; name = ChooseWorkoutDayTableViewCell.h; path = Classes/Controller/ChooseWorkoutDayTableViewCell.h; sourceTree = "<group>"; };
		FF81625B1983222000443C13 /* ChooseWorkoutDayTableViewCell.m */ = {isa = PBXFileReference; fileEncoding = 4; lastKnownFileType = sourcecode.c.objc; name = ChooseWorkoutDayTableViewCell.m; path = Classes/Controller/ChooseWorkoutDayTableViewCell.m; sourceTree = "<group>"; };
		FF81625C1983222000443C13 /* ChooseWorkoutDayTableViewCell.xib */ = {isa = PBXFileReference; fileEncoding = 4; lastKnownFileType = file.xib; name = ChooseWorkoutDayTableViewCell.xib; path = Classes/Controller/ChooseWorkoutDayTableViewCell.xib; sourceTree = "<group>"; };
		FF8E69A51987AD1E008C6BF9 /* GEAScrollableTabBarController.h */ = {isa = PBXFileReference; fileEncoding = 4; lastKnownFileType = sourcecode.c.h; name = GEAScrollableTabBarController.h; path = Classes/Controller/Containers/GEAScrollableTabBarController.h; sourceTree = "<group>"; };
		FF8E69A61987AD1E008C6BF9 /* GEAScrollableTabBarController.m */ = {isa = PBXFileReference; fileEncoding = 4; lastKnownFileType = sourcecode.c.objc; name = GEAScrollableTabBarController.m; path = Classes/Controller/Containers/GEAScrollableTabBarController.m; sourceTree = "<group>"; };
		FF8E69A71987AD1E008C6BF9 /* GEATouchView.h */ = {isa = PBXFileReference; fileEncoding = 4; lastKnownFileType = sourcecode.c.h; name = GEATouchView.h; path = Classes/Controller/Containers/GEATouchView.h; sourceTree = "<group>"; };
		FF8E69A81987AD1E008C6BF9 /* GEATouchView.m */ = {isa = PBXFileReference; fileEncoding = 4; lastKnownFileType = sourcecode.c.objc; name = GEATouchView.m; path = Classes/Controller/Containers/GEATouchView.m; sourceTree = "<group>"; };
		FF91109E197B10BD00818E95 /* WorkoutDescriptionViewController.h */ = {isa = PBXFileReference; fileEncoding = 4; lastKnownFileType = sourcecode.c.h; name = WorkoutDescriptionViewController.h; path = Classes/Controller/WorkoutDescriptionViewController.h; sourceTree = "<group>"; };
		FF91109F197B10BD00818E95 /* WorkoutDescriptionViewController.m */ = {isa = PBXFileReference; fileEncoding = 4; lastKnownFileType = sourcecode.c.objc; name = WorkoutDescriptionViewController.m; path = Classes/Controller/WorkoutDescriptionViewController.m; sourceTree = "<group>"; };
		FF9110A0197B10BD00818E95 /* WorkoutDetailViewController.h */ = {isa = PBXFileReference; fileEncoding = 4; lastKnownFileType = sourcecode.c.h; name = WorkoutDetailViewController.h; path = Classes/Controller/WorkoutDetailViewController.h; sourceTree = "<group>"; };
		FF9110A1197B10BD00818E95 /* WorkoutDetailViewController.m */ = {isa = PBXFileReference; fileEncoding = 4; lastKnownFileType = sourcecode.c.objc; name = WorkoutDetailViewController.m; path = Classes/Controller/WorkoutDetailViewController.m; sourceTree = "<group>"; };
		FF9110A2197B10BD00818E95 /* EventReviewViewController.h */ = {isa = PBXFileReference; fileEncoding = 4; lastKnownFileType = sourcecode.c.h; name = EventReviewViewController.h; path = Classes/Controller/EventReviewViewController.h; sourceTree = "<group>"; };
		FF9110A3197B10BD00818E95 /* EventReviewViewController.m */ = {isa = PBXFileReference; fileEncoding = 4; lastKnownFileType = sourcecode.c.objc; name = EventReviewViewController.m; path = Classes/Controller/EventReviewViewController.m; sourceTree = "<group>"; };
		FF9110A9197B187600818E95 /* Event.h */ = {isa = PBXFileReference; fileEncoding = 4; lastKnownFileType = sourcecode.c.h; name = Event.h; path = Classes/Model/Event.h; sourceTree = "<group>"; };
		FF9110AA197B187600818E95 /* Event.m */ = {isa = PBXFileReference; fileEncoding = 4; lastKnownFileType = sourcecode.c.objc; name = Event.m; path = Classes/Model/Event.m; sourceTree = "<group>"; };
		FF9110B3197B1DF200818E95 /* EventReview.h */ = {isa = PBXFileReference; fileEncoding = 4; lastKnownFileType = sourcecode.c.h; name = EventReview.h; path = Classes/Model/EventReview.h; sourceTree = "<group>"; };
		FF9110B4197B1DF200818E95 /* EventReview.m */ = {isa = PBXFileReference; fileEncoding = 4; lastKnownFileType = sourcecode.c.objc; name = EventReview.m; path = Classes/Model/EventReview.m; sourceTree = "<group>"; };
		FF9110B6197B1ED400818E95 /* EventDetail.h */ = {isa = PBXFileReference; fileEncoding = 4; lastKnownFileType = sourcecode.c.h; name = EventDetail.h; path = Classes/Model/EventDetail.h; sourceTree = "<group>"; };
		FF9110B7197B1ED400818E95 /* EventDetail.m */ = {isa = PBXFileReference; fileEncoding = 4; lastKnownFileType = sourcecode.c.objc; name = EventDetail.m; path = Classes/Model/EventDetail.m; sourceTree = "<group>"; };
		FF9110B9197BB1B500818E95 /* WorkoutDescriptionViewController.xib */ = {isa = PBXFileReference; fileEncoding = 4; lastKnownFileType = file.xib; name = WorkoutDescriptionViewController.xib; path = Resources/Views/WorkoutDescriptionViewController.xib; sourceTree = "<group>"; };
		FF9110BA197BB1B500818E95 /* WorkoutDetailViewController.xib */ = {isa = PBXFileReference; fileEncoding = 4; lastKnownFileType = file.xib; name = WorkoutDetailViewController.xib; path = Resources/Views/WorkoutDetailViewController.xib; sourceTree = "<group>"; };
		FF9110BB197BB1B500818E95 /* EventReviewViewController.xib */ = {isa = PBXFileReference; fileEncoding = 4; lastKnownFileType = file.xib; name = EventReviewViewController.xib; path = Resources/Views/EventReviewViewController.xib; sourceTree = "<group>"; };
		FF9110BF197BB4AD00818E95 /* GEAPopoverViewController.h */ = {isa = PBXFileReference; fileEncoding = 4; lastKnownFileType = sourcecode.c.h; name = GEAPopoverViewController.h; path = Classes/Controller/Views/GEAPopoverViewController.h; sourceTree = "<group>"; };
		FF9110C0197BB4AD00818E95 /* GEAPopoverViewController.m */ = {isa = PBXFileReference; fileEncoding = 4; lastKnownFileType = sourcecode.c.objc; name = GEAPopoverViewController.m; path = Classes/Controller/Views/GEAPopoverViewController.m; sourceTree = "<group>"; };
		FFA137511969A58000DBEE68 /* gymnea.app */ = {isa = PBXFileReference; explicitFileType = wrapper.application; includeInIndex = 0; path = gymnea.app; sourceTree = BUILT_PRODUCTS_DIR; };
		FFA137551969A58000DBEE68 /* Info.plist */ = {isa = PBXFileReference; lastKnownFileType = text.plist.xml; path = Info.plist; sourceTree = "<group>"; };
		FFA137561969A58000DBEE68 /* main.m */ = {isa = PBXFileReference; lastKnownFileType = sourcecode.c.objc; path = main.m; sourceTree = "<group>"; };
		FFA137581969A58000DBEE68 /* AppDelegate.h */ = {isa = PBXFileReference; lastKnownFileType = sourcecode.c.h; path = AppDelegate.h; sourceTree = "<group>"; };
		FFA137591969A58000DBEE68 /* AppDelegate.m */ = {isa = PBXFileReference; lastKnownFileType = sourcecode.c.objc; path = AppDelegate.m; sourceTree = "<group>"; };
		FFA1375C1969A58000DBEE68 /* gymnea.xcdatamodel */ = {isa = PBXFileReference; lastKnownFileType = wrapper.xcdatamodel; path = gymnea.xcdatamodel; sourceTree = "<group>"; };
		FFA137641969A58000DBEE68 /* Images.xcassets */ = {isa = PBXFileReference; lastKnownFileType = folder.assetcatalog; path = Images.xcassets; sourceTree = "<group>"; };
		FFA1376A1969A58000DBEE68 /* gymneaTests.xctest */ = {isa = PBXFileReference; explicitFileType = wrapper.cfbundle; includeInIndex = 0; path = gymneaTests.xctest; sourceTree = BUILT_PRODUCTS_DIR; };
		FFA1376F1969A58000DBEE68 /* Info.plist */ = {isa = PBXFileReference; lastKnownFileType = text.plist.xml; path = Info.plist; sourceTree = "<group>"; };
		FFA137701969A58000DBEE68 /* gymneaTests.m */ = {isa = PBXFileReference; lastKnownFileType = sourcecode.c.objc; path = gymneaTests.m; sourceTree = "<group>"; };
		FFA1377A1969A7C200DBEE68 /* HealthKit.framework */ = {isa = PBXFileReference; lastKnownFileType = wrapper.framework; name = HealthKit.framework; path = System/Library/Frameworks/HealthKit.framework; sourceTree = SDKROOT; };
		FFA1377C1969A7C200DBEE68 /* gymnea.entitlements */ = {isa = PBXFileReference; lastKnownFileType = text.xml; path = gymnea.entitlements; sourceTree = "<group>"; };
		FFA137851969F9EA00DBEE68 /* InitialViewController.h */ = {isa = PBXFileReference; fileEncoding = 4; lastKnownFileType = sourcecode.c.h; name = InitialViewController.h; path = Classes/Controller/InitialViewController.h; sourceTree = "<group>"; };
		FFA137861969F9EA00DBEE68 /* InitialViewController.m */ = {isa = PBXFileReference; fileEncoding = 4; lastKnownFileType = sourcecode.c.objc; name = InitialViewController.m; path = Classes/Controller/InitialViewController.m; sourceTree = "<group>"; };
		FFA1378D196A02D200DBEE68 /* InitialViewController.xib */ = {isa = PBXFileReference; fileEncoding = 4; lastKnownFileType = file.xib; name = InitialViewController.xib; path = Resources/Views/InitialViewController.xib; sourceTree = "<group>"; };
		FFABFDCC196C4A03004FC527 /* InitialQuestionnaireGoalViewController.h */ = {isa = PBXFileReference; fileEncoding = 4; lastKnownFileType = sourcecode.c.h; name = InitialQuestionnaireGoalViewController.h; path = Classes/Controller/InitialQuestionnaireGoalViewController.h; sourceTree = "<group>"; };
		FFABFDCD196C4A03004FC527 /* InitialQuestionnaireGoalViewController.m */ = {isa = PBXFileReference; fileEncoding = 4; lastKnownFileType = sourcecode.c.objc; name = InitialQuestionnaireGoalViewController.m; path = Classes/Controller/InitialQuestionnaireGoalViewController.m; sourceTree = "<group>"; };
		FFABFDD1196C4A48004FC527 /* InitialQuestionnaireGoalViewController.xib */ = {isa = PBXFileReference; fileEncoding = 4; lastKnownFileType = file.xib; name = InitialQuestionnaireGoalViewController.xib; path = Resources/Views/InitialQuestionnaireGoalViewController.xib; sourceTree = "<group>"; };
		FFABFDD3196C88C4004FC527 /* SignUpViewController.h */ = {isa = PBXFileReference; fileEncoding = 4; lastKnownFileType = sourcecode.c.h; name = SignUpViewController.h; path = Classes/Controller/SignUpViewController.h; sourceTree = "<group>"; };
		FFABFDD4196C88C4004FC527 /* SignUpViewController.m */ = {isa = PBXFileReference; fileEncoding = 4; lastKnownFileType = sourcecode.c.objc; name = SignUpViewController.m; path = Classes/Controller/SignUpViewController.m; sourceTree = "<group>"; };
		FFABFDD8196C8920004FC527 /* SignUpViewController.xib */ = {isa = PBXFileReference; fileEncoding = 4; lastKnownFileType = file.xib; name = SignUpViewController.xib; path = Resources/Views/SignUpViewController.xib; sourceTree = "<group>"; };
		FFABFDDA196CA111004FC527 /* LogInViewController.h */ = {isa = PBXFileReference; fileEncoding = 4; lastKnownFileType = sourcecode.c.h; name = LogInViewController.h; path = Classes/Controller/LogInViewController.h; sourceTree = "<group>"; };
		FFABFDDB196CA111004FC527 /* LogInViewController.m */ = {isa = PBXFileReference; fileEncoding = 4; lastKnownFileType = sourcecode.c.objc; name = LogInViewController.m; path = Classes/Controller/LogInViewController.m; sourceTree = "<group>"; };
		FFADD41619884E0E009F14F3 /* AudioToolbox.framework */ = {isa = PBXFileReference; lastKnownFileType = wrapper.framework; name = AudioToolbox.framework; path = System/Library/Frameworks/AudioToolbox.framework; sourceTree = SDKROOT; };
		FFADD41B198851A4009F14F3 /* clock_tic.wav */ = {isa = PBXFileReference; lastKnownFileType = audio.wav; path = clock_tic.wav; sourceTree = "<group>"; };
		FFDDE704197D2A34009694D9 /* GenericWorkoutsViewController.h */ = {isa = PBXFileReference; fileEncoding = 4; lastKnownFileType = sourcecode.c.h; name = GenericWorkoutsViewController.h; path = Classes/Controller/GenericWorkoutsViewController.h; sourceTree = "<group>"; };
		FFDDE705197D2A34009694D9 /* GenericWorkoutsViewController.m */ = {isa = PBXFileReference; fileEncoding = 4; lastKnownFileType = sourcecode.c.objc; name = GenericWorkoutsViewController.m; path = Classes/Controller/GenericWorkoutsViewController.m; sourceTree = "<group>"; };
		FFF5714F19800CBD00BE457B /* WorkoutDayTableViewController.h */ = {isa = PBXFileReference; fileEncoding = 4; lastKnownFileType = sourcecode.c.h; name = WorkoutDayTableViewController.h; path = Classes/Controller/WorkoutDayTableViewController.h; sourceTree = "<group>"; };
		FFF5715019800CBD00BE457B /* WorkoutDayTableViewController.m */ = {isa = PBXFileReference; fileEncoding = 4; lastKnownFileType = sourcecode.c.objc; name = WorkoutDayTableViewController.m; path = Classes/Controller/WorkoutDayTableViewController.m; sourceTree = "<group>"; };
		FFF779441985340C0073E0BE /* NextExerciseCountdownViewController.h */ = {isa = PBXFileReference; fileEncoding = 4; lastKnownFileType = sourcecode.c.h; name = NextExerciseCountdownViewController.h; path = Classes/Controller/NextExerciseCountdownViewController.h; sourceTree = "<group>"; };
		FFF779451985340C0073E0BE /* NextExerciseCountdownViewController.m */ = {isa = PBXFileReference; fileEncoding = 4; lastKnownFileType = sourcecode.c.objc; name = NextExerciseCountdownViewController.m; path = Classes/Controller/NextExerciseCountdownViewController.m; sourceTree = "<group>"; };
		FFF779461985340C0073E0BE /* NextExerciseCountdownViewController.xib */ = {isa = PBXFileReference; fileEncoding = 4; lastKnownFileType = file.xib; name = NextExerciseCountdownViewController.xib; path = Classes/Controller/NextExerciseCountdownViewController.xib; sourceTree = "<group>"; };
/* End PBXFileReference section */

/* Begin PBXFrameworksBuildPhase section */
		FFA1374E1969A58000DBEE68 /* Frameworks */ = {
			isa = PBXFrameworksBuildPhase;
			buildActionMask = 2147483647;
			files = (
				FFA1377B1969A7C200DBEE68 /* HealthKit.framework in Frameworks */,
				F78AC13037F04624A2F80D9A /* libPods.a in Frameworks */,
			);
			runOnlyForDeploymentPostprocessing = 0;
		};
		FFA137671969A58000DBEE68 /* Frameworks */ = {
			isa = PBXFrameworksBuildPhase;
			buildActionMask = 2147483647;
			files = (
			);
			runOnlyForDeploymentPostprocessing = 0;
		};
/* End PBXFrameworksBuildPhase section */

/* Begin PBXGroup section */
		FF11F5BF196DF01900590C10 /* Views */ = {
			isa = PBXGroup;
			children = (
				FF9110BF197BB4AD00818E95 /* GEAPopoverViewController.h */,
				FF9110C0197BB4AD00818E95 /* GEAPopoverViewController.m */,
				FF11F5C0196DF08200590C10 /* GEALabel.h */,
				FF11F5C1196DF08200590C10 /* GEALabel.m */,
				FF11F5C2196DF08200590C10 /* GEALabel+Gymnea.h */,
				FF11F5C3196DF08200590C10 /* GEALabel+Gymnea.m */,
			);
			name = Views;
			sourceTree = "<group>";
		};
		FF23A648198297C800E62C5B /* WorkoutDetails */ = {
			isa = PBXGroup;
			children = (
				FF8162531982F5C800443C13 /* ChooseWorkoutDayViewController.xib */,
				FF23A6441982968200E62C5B /* WorkoutDayTableViewCell.xib */,
				FF23A6421982964100E62C5B /* WorkoutDayTableViewController.xib */,
				FF9110B9197BB1B500818E95 /* WorkoutDescriptionViewController.xib */,
				FF9110BA197BB1B500818E95 /* WorkoutDetailViewController.xib */,
			);
			name = WorkoutDetails;
			sourceTree = "<group>";
		};
		FF23A6491982F3C600E62C5B /* WorkoutPlay */ = {
			isa = PBXGroup;
			children = (
				FFF779441985340C0073E0BE /* NextExerciseCountdownViewController.h */,
				FFF779451985340C0073E0BE /* NextExerciseCountdownViewController.m */,
				FFF779461985340C0073E0BE /* NextExerciseCountdownViewController.xib */,
				FF6A190D1985430800DA4E40 /* WorkoutPlayViewController.h */,
				FF6A190E1985430800DA4E40 /* WorkoutPlayViewController.m */,
				FF6A190F1985430800DA4E40 /* WorkoutPlayViewController.xib */,
				FF78E77B198647AF001396E3 /* WorkoutPlayExerciseViewController.h */,
				FF78E77C198647AF001396E3 /* WorkoutPlayExerciseViewController.m */,
				FF78E77D198647AF001396E3 /* WorkoutPlayExerciseViewController.xib */,
				FF78E78019867265001396E3 /* WorkoutPlayRestViewController.h */,
				FF78E78119867265001396E3 /* WorkoutPlayRestViewController.m */,
				FF78E78219867265001396E3 /* WorkoutPlayRestViewController.xib */,
			);
			name = WorkoutPlay;
			sourceTree = "<group>";
		};
		FF3F70A5196D5391007AADF1 /* Containers */ = {
			isa = PBXGroup;
			children = (
				FF8E69A51987AD1E008C6BF9 /* GEAScrollableTabBarController.h */,
				FF8E69A61987AD1E008C6BF9 /* GEAScrollableTabBarController.m */,
				FF8E69A71987AD1E008C6BF9 /* GEATouchView.h */,
				FF8E69A81987AD1E008C6BF9 /* GEATouchView.m */,
				FF3F70A6196D54BE007AADF1 /* GEASideMenuController.h */,
				FF3F70A7196D54BE007AADF1 /* GEASideMenuController.m */,
			);
			name = Containers;
			sourceTree = "<group>";
		};
		FF9110A7197B10F700818E95 /* WorkoutDetails */ = {
			isa = PBXGroup;
			children = (
				FF91109E197B10BD00818E95 /* WorkoutDescriptionViewController.h */,
				FF91109F197B10BD00818E95 /* WorkoutDescriptionViewController.m */,
				FF9110A0197B10BD00818E95 /* WorkoutDetailViewController.h */,
				FF9110A1197B10BD00818E95 /* WorkoutDetailViewController.m */,
				FF9110A2197B10BD00818E95 /* EventReviewViewController.h */,
				FF9110A3197B10BD00818E95 /* EventReviewViewController.m */,
				FFF5714F19800CBD00BE457B /* WorkoutDayTableViewController.h */,
				FFF5715019800CBD00BE457B /* WorkoutDayTableViewController.m */,
				FF23A63D19825DDC00E62C5B /* WorkoutDayTableViewCell.h */,
				FF23A63E19825DDC00E62C5B /* WorkoutDayTableViewCell.m */,
				FF23A64A1982F48800E62C5B /* ChooseWorkoutDayViewController.h */,
				FF23A64B1982F48800E62C5B /* ChooseWorkoutDayViewController.m */,
				FF816255198305B500443C13 /* ChooseWorkoutDayTableViewController.h */,
				FF816256198305B500443C13 /* ChooseWorkoutDayTableViewController.m */,
				FF816257198305B500443C13 /* ChooseWorkoutDayTableViewController.xib */,
				FF81625A1983221F00443C13 /* ChooseWorkoutDayTableViewCell.h */,
				FF81625B1983222000443C13 /* ChooseWorkoutDayTableViewCell.m */,
				FF81625C1983222000443C13 /* ChooseWorkoutDayTableViewCell.xib */,
			);
			name = WorkoutDetails;
			sourceTree = "<group>";
		};
		FF9110A8197B186900818E95 /* Model */ = {
			isa = PBXGroup;
			children = (
				FF9110A9197B187600818E95 /* Event.h */,
				FF9110AA197B187600818E95 /* Event.m */,
				FF9110B3197B1DF200818E95 /* EventReview.h */,
				FF9110B4197B1DF200818E95 /* EventReview.m */,
				FF9110B6197B1ED400818E95 /* EventDetail.h */,
				FF9110B7197B1ED400818E95 /* EventDetail.m */,
			);
			name = Model;
			sourceTree = "<group>";
		};
		FF9110AF197B1C0600818E95 /* Services */ = {
			isa = PBXGroup;
			children = (
				FF7609841988FBE700939C93 /* SignUpForm.h */,
				FF7609851988FBE700939C93 /* SignUpForm.m */,
				FF7609811988FB9100939C93 /* GymneaWSClient.h */,
				FF7609821988FB9100939C93 /* GymneaWSClient.m */,
			);
			name = Services;
			sourceTree = "<group>";
		};
		FFA137481969A58000DBEE68 = {
			isa = PBXGroup;
			children = (
				FFA137821969F83D00DBEE68 /* Classes */,
				FFA137841969F99200DBEE68 /* Resources */,
				FFA137541969A58000DBEE68 /* Supporting Files */,
				FFA137531969A58000DBEE68 /* gymnea */,
				FFA1376D1969A58000DBEE68 /* gymneaTests */,
				FFA1378C1969FE7100DBEE68 /* Frameworks */,
				FFA137521969A58000DBEE68 /* Products */,
				835B97ED97C9435588A3435D /* Pods.xcconfig */,
			);
			sourceTree = "<group>";
		};
		FFA137521969A58000DBEE68 /* Products */ = {
			isa = PBXGroup;
			children = (
				FFA137511969A58000DBEE68 /* gymnea.app */,
				FFA1376A1969A58000DBEE68 /* gymneaTests.xctest */,
			);
			name = Products;
			sourceTree = "<group>";
		};
		FFA137531969A58000DBEE68 /* gymnea */ = {
			isa = PBXGroup;
			children = (
				FFA1377C1969A7C200DBEE68 /* gymnea.entitlements */,
				FFA137641969A58000DBEE68 /* Images.xcassets */,
				FFA1375B1969A58000DBEE68 /* gymnea.xcdatamodeld */,
			);
			path = gymnea;
			sourceTree = "<group>";
		};
		FFA137541969A58000DBEE68 /* Supporting Files */ = {
			isa = PBXGroup;
			children = (
				FFA137551969A58000DBEE68 /* Info.plist */,
				FFA137561969A58000DBEE68 /* main.m */,
			);
			name = "Supporting Files";
			path = gymnea;
			sourceTree = "<group>";
		};
		FFA1376D1969A58000DBEE68 /* gymneaTests */ = {
			isa = PBXGroup;
			children = (
				FFA137701969A58000DBEE68 /* gymneaTests.m */,
				FFA1376E1969A58000DBEE68 /* Supporting Files */,
			);
			path = gymneaTests;
			sourceTree = "<group>";
		};
		FFA1376E1969A58000DBEE68 /* Supporting Files */ = {
			isa = PBXGroup;
			children = (
				FFA1376F1969A58000DBEE68 /* Info.plist */,
			);
			name = "Supporting Files";
			sourceTree = "<group>";
		};
		FFA137821969F83D00DBEE68 /* Classes */ = {
			isa = PBXGroup;
			children = (
				FF9110AF197B1C0600818E95 /* Services */,
				FF9110A8197B186900818E95 /* Model */,
				FFA137831969F84900DBEE68 /* Controller */,
				FFA137581969A58000DBEE68 /* AppDelegate.h */,
				FFA137591969A58000DBEE68 /* AppDelegate.m */,
			);
			name = Classes;
			path = gymnea;
			sourceTree = "<group>";
		};
		FFA137831969F84900DBEE68 /* Controller */ = {
			isa = PBXGroup;
			children = (
				FF23A6491982F3C600E62C5B /* WorkoutPlay */,
				FFDDE703197D29FB009694D9 /* Workouts */,
				FF9110A7197B10F700818E95 /* WorkoutDetails */,
				FF11F5BF196DF01900590C10 /* Views */,
				FF3F70A5196D5391007AADF1 /* Containers */,
				FFA137851969F9EA00DBEE68 /* InitialViewController.h */,
				FFA137861969F9EA00DBEE68 /* InitialViewController.m */,
				FF80E93C196B39D100D29986 /* InitialQuestionnaireViewController.h */,
				FF80E93D196B39D100D29986 /* InitialQuestionnaireViewController.m */,
				FFABFDCC196C4A03004FC527 /* InitialQuestionnaireGoalViewController.h */,
				FFABFDCD196C4A03004FC527 /* InitialQuestionnaireGoalViewController.m */,
				FFABFDD3196C88C4004FC527 /* SignUpViewController.h */,
				FFABFDD4196C88C4004FC527 /* SignUpViewController.m */,
				FFABFDDA196CA111004FC527 /* LogInViewController.h */,
				FFABFDDB196CA111004FC527 /* LogInViewController.m */,
				FF039587196D528200EA1CF6 /* StartViewController.h */,
				FF039588196D528200EA1CF6 /* StartViewController.m */,
			);
			name = Controller;
			sourceTree = "<group>";
		};
		FFA137841969F99200DBEE68 /* Resources */ = {
			isa = PBXGroup;
			children = (
				FFADD4181988500B009F14F3 /* Audio */,
				FFA1378A1969FA2800DBEE68 /* Languages */,
				FFA137891969FA2000DBEE68 /* Fonts */,
				FFA137881969FA1100DBEE68 /* Views */,
			);
			name = Resources;
			path = gymnea;
			sourceTree = "<group>";
		};
		FFA137881969FA1100DBEE68 /* Views */ = {
			isa = PBXGroup;
			children = (
				FF23A648198297C800E62C5B /* WorkoutDetails */,
				FF23A6451982968200E62C5B /* GenericWorkoutsViewController.xib */,
				FF9110BB197BB1B500818E95 /* EventReviewViewController.xib */,
				FFA1378D196A02D200DBEE68 /* InitialViewController.xib */,
				FF80E941196B3A3600D29986 /* InitialQuestionnaireViewController.xib */,
				FFABFDD1196C4A48004FC527 /* InitialQuestionnaireGoalViewController.xib */,
				FFABFDD8196C8920004FC527 /* SignUpViewController.xib */,
				FF0DC1B8196CA1CC006E1817 /* LogInViewController.xib */,
				FF3F70A3196D52EF007AADF1 /* StartViewController.xib */,
				FF441EA9197067EC00865065 /* GEASideMenuController.xib */,
			);
			name = Views;
			sourceTree = "<group>";
		};
		FFA137891969FA2000DBEE68 /* Fonts */ = {
			isa = PBXGroup;
			children = (
				FF76206A196ABA9100611B3B /* Avenir Next.ttc */,
			);
			name = Fonts;
			sourceTree = "<group>";
		};
		FFA1378A1969FA2800DBEE68 /* Languages */ = {
			isa = PBXGroup;
			children = (
			);
			name = Languages;
			sourceTree = "<group>";
		};
		FFA1378C1969FE7100DBEE68 /* Frameworks */ = {
			isa = PBXGroup;
			children = (
				FFADD41619884E0E009F14F3 /* AudioToolbox.framework */,
				FFA1377A1969A7C200DBEE68 /* HealthKit.framework */,
				F89F9838FFAD409CB7CBD870 /* libPods.a */,
			);
			name = Frameworks;
			sourceTree = "<group>";
		};
		FFADD4181988500B009F14F3 /* Audio */ = {
			isa = PBXGroup;
			children = (
				FFADD41B198851A4009F14F3 /* clock_tic.wav */,
			);
			name = Audio;
			sourceTree = "<group>";
		};
		FFDDE703197D29FB009694D9 /* Workouts */ = {
			isa = PBXGroup;
			children = (
				FFDDE704197D2A34009694D9 /* GenericWorkoutsViewController.h */,
				FFDDE705197D2A34009694D9 /* GenericWorkoutsViewController.m */,
				FF2521EA1987E78000D9E9B1 /* GenericWorkoutCollectionViewCell.h */,
				FF2521EB1987E78000D9E9B1 /* GenericWorkoutCollectionViewCell.m */,
				FF2521EC1987E78000D9E9B1 /* GenericWorkoutCollectionViewCell.xib */,
			);
			name = Workouts;
			sourceTree = "<group>";
		};
/* End PBXGroup section */

/* Begin PBXNativeTarget section */
		FFA137501969A58000DBEE68 /* gymnea */ = {
			isa = PBXNativeTarget;
			buildConfigurationList = FFA137741969A58000DBEE68 /* Build configuration list for PBXNativeTarget "gymnea" */;
			buildPhases = (
				1FA951FE7E134BA9AD4973EB /* Check Pods Manifest.lock */,
				FFA1374D1969A58000DBEE68 /* Sources */,
				FFA1374E1969A58000DBEE68 /* Frameworks */,
				FFA1374F1969A58000DBEE68 /* Resources */,
				2ACA3E04E06D4C188850CAE2 /* Copy Pods Resources */,
			);
			buildRules = (
			);
			dependencies = (
			);
			name = gymnea;
			productName = gymnea;
			productReference = FFA137511969A58000DBEE68 /* gymnea.app */;
			productType = "com.apple.product-type.application";
		};
		FFA137691969A58000DBEE68 /* gymneaTests */ = {
			isa = PBXNativeTarget;
			buildConfigurationList = FFA137771969A58000DBEE68 /* Build configuration list for PBXNativeTarget "gymneaTests" */;
			buildPhases = (
				FFA137661969A58000DBEE68 /* Sources */,
				FFA137671969A58000DBEE68 /* Frameworks */,
				FFA137681969A58000DBEE68 /* Resources */,
			);
			buildRules = (
			);
			dependencies = (
				FFA1376C1969A58000DBEE68 /* PBXTargetDependency */,
			);
			name = gymneaTests;
			productName = gymneaTests;
			productReference = FFA1376A1969A58000DBEE68 /* gymneaTests.xctest */;
			productType = "com.apple.product-type.bundle.unit-test";
		};
/* End PBXNativeTarget section */

/* Begin PBXProject section */
		FFA137491969A58000DBEE68 /* Project object */ = {
			isa = PBXProject;
			attributes = {
				LastUpgradeCheck = 0600;
				ORGANIZATIONNAME = Gymnea;
				TargetAttributes = {
					FFA137501969A58000DBEE68 = {
						CreatedOnToolsVersion = 6.0;
						DevelopmentTeam = D5J23R36S2;
						SystemCapabilities = {
							com.apple.DataProtection = {
								enabled = 1;
							};
							com.apple.HealthKit = {
								enabled = 1;
							};
						};
					};
					FFA137691969A58000DBEE68 = {
						CreatedOnToolsVersion = 6.0;
						TestTargetID = FFA137501969A58000DBEE68;
					};
				};
			};
			buildConfigurationList = FFA1374C1969A58000DBEE68 /* Build configuration list for PBXProject "Gymnea" */;
			compatibilityVersion = "Xcode 3.2";
			developmentRegion = English;
			hasScannedForEncodings = 0;
			knownRegions = (
				en,
				Base,
			);
			mainGroup = FFA137481969A58000DBEE68;
			productRefGroup = FFA137521969A58000DBEE68 /* Products */;
			projectDirPath = "";
			projectRoot = "";
			targets = (
				FFA137501969A58000DBEE68 /* gymnea */,
				FFA137691969A58000DBEE68 /* gymneaTests */,
			);
		};
/* End PBXProject section */

/* Begin PBXResourcesBuildPhase section */
		FFA1374F1969A58000DBEE68 /* Resources */ = {
			isa = PBXResourcesBuildPhase;
			buildActionMask = 2147483647;
			files = (
				FF9110BD197BB1B500818E95 /* WorkoutDetailViewController.xib in Resources */,
				FFABFDD2196C4A48004FC527 /* InitialQuestionnaireGoalViewController.xib in Resources */,
				FF76206B196ABA9100611B3B /* Avenir Next.ttc in Resources */,
				FFF779481985340C0073E0BE /* NextExerciseCountdownViewController.xib in Resources */,
				FFADD41C198851A4009F14F3 /* clock_tic.wav in Resources */,
				FF9110BC197BB1B500818E95 /* WorkoutDescriptionViewController.xib in Resources */,
				FF816259198305B500443C13 /* ChooseWorkoutDayTableViewController.xib in Resources */,
				FF78E78419867265001396E3 /* WorkoutPlayRestViewController.xib in Resources */,
				FF23A6431982964100E62C5B /* WorkoutDayTableViewController.xib in Resources */,
				FF2521EE1987E78000D9E9B1 /* GenericWorkoutCollectionViewCell.xib in Resources */,
				FFA137651969A58000DBEE68 /* Images.xcassets in Resources */,
				FFA1378E196A02D300DBEE68 /* InitialViewController.xib in Resources */,
				FFABFDD9196C8920004FC527 /* SignUpViewController.xib in Resources */,
				FF23A6461982968200E62C5B /* WorkoutDayTableViewCell.xib in Resources */,
				FF3F70A4196D52EF007AADF1 /* StartViewController.xib in Resources */,
				FF80E942196B3A3600D29986 /* InitialQuestionnaireViewController.xib in Resources */,
				FF23A6471982968200E62C5B /* GenericWorkoutsViewController.xib in Resources */,
				FF6A19111985430800DA4E40 /* WorkoutPlayViewController.xib in Resources */,
				FF8162541982F5C800443C13 /* ChooseWorkoutDayViewController.xib in Resources */,
				FF9110BE197BB1B500818E95 /* EventReviewViewController.xib in Resources */,
				FF78E77F198647AF001396E3 /* WorkoutPlayExerciseViewController.xib in Resources */,
				FF0DC1B9196CA1CC006E1817 /* LogInViewController.xib in Resources */,
				FF441EAA197067EC00865065 /* GEASideMenuController.xib in Resources */,
				FF81625E1983222000443C13 /* ChooseWorkoutDayTableViewCell.xib in Resources */,
			);
			runOnlyForDeploymentPostprocessing = 0;
		};
		FFA137681969A58000DBEE68 /* Resources */ = {
			isa = PBXResourcesBuildPhase;
			buildActionMask = 2147483647;
			files = (
			);
			runOnlyForDeploymentPostprocessing = 0;
		};
/* End PBXResourcesBuildPhase section */

/* Begin PBXShellScriptBuildPhase section */
		1FA951FE7E134BA9AD4973EB /* Check Pods Manifest.lock */ = {
			isa = PBXShellScriptBuildPhase;
			buildActionMask = 2147483647;
			files = (
			);
			inputPaths = (
			);
			name = "Check Pods Manifest.lock";
			outputPaths = (
			);
			runOnlyForDeploymentPostprocessing = 0;
			shellPath = /bin/sh;
			shellScript = "diff \"${PODS_ROOT}/../Podfile.lock\" \"${PODS_ROOT}/Manifest.lock\" > /dev/null\nif [[ $? != 0 ]] ; then\n    cat << EOM\nerror: The sandbox is not in sync with the Podfile.lock. Run 'pod install' or update your CocoaPods installation.\nEOM\n    exit 1\nfi\n";
			showEnvVarsInLog = 0;
		};
		2ACA3E04E06D4C188850CAE2 /* Copy Pods Resources */ = {
			isa = PBXShellScriptBuildPhase;
			buildActionMask = 2147483647;
			files = (
			);
			inputPaths = (
			);
			name = "Copy Pods Resources";
			outputPaths = (
			);
			runOnlyForDeploymentPostprocessing = 0;
			shellPath = /bin/sh;
			shellScript = "\"${SRCROOT}/Pods/Pods-resources.sh\"\n";
			showEnvVarsInLog = 0;
		};
/* End PBXShellScriptBuildPhase section */

/* Begin PBXSourcesBuildPhase section */
		FFA1374D1969A58000DBEE68 /* Sources */ = {
			isa = PBXSourcesBuildPhase;
			buildActionMask = 2147483647;
			files = (
				FFABFDDD196CA111004FC527 /* LogInViewController.m in Sources */,
				FF816258198305B500443C13 /* ChooseWorkoutDayTableViewController.m in Sources */,
				FF7609831988FB9100939C93 /* GymneaWSClient.m in Sources */,
				FF7609861988FBE700939C93 /* SignUpForm.m in Sources */,
				FF23A64D1982F48800E62C5B /* ChooseWorkoutDayViewController.m in Sources */,
				FF8E69AA1987AD1E008C6BF9 /* GEATouchView.m in Sources */,
				FF9110A4197B10BD00818E95 /* WorkoutDescriptionViewController.m in Sources */,
				FFA1375D1969A58000DBEE68 /* gymnea.xcdatamodeld in Sources */,
				FFF5715219800CBD00BE457B /* WorkoutDayTableViewController.m in Sources */,
				FF80E93F196B39D100D29986 /* InitialQuestionnaireViewController.m in Sources */,
				FF9110AB197B187600818E95 /* Event.m in Sources */,
				FF8E69A91987AD1E008C6BF9 /* GEAScrollableTabBarController.m in Sources */,
				FF9110B8197B1ED400818E95 /* EventDetail.m in Sources */,
				FF03958A196D528200EA1CF6 /* StartViewController.m in Sources */,
				FF2521ED1987E78000D9E9B1 /* GenericWorkoutCollectionViewCell.m in Sources */,
				FF6A19101985430800DA4E40 /* WorkoutPlayViewController.m in Sources */,
				FFA1375A1969A58000DBEE68 /* AppDelegate.m in Sources */,
				FFDDE707197D2A34009694D9 /* GenericWorkoutsViewController.m in Sources */,
				FF9110A5197B10BD00818E95 /* WorkoutDetailViewController.m in Sources */,
				FF11F5C5196DF08200590C10 /* GEALabel+Gymnea.m in Sources */,
				FF9110A6197B10BD00818E95 /* EventReviewViewController.m in Sources */,
				FF11F5C4196DF08200590C10 /* GEALabel.m in Sources */,
				FF78E78319867265001396E3 /* WorkoutPlayRestViewController.m in Sources */,
				FF23A64019825DDC00E62C5B /* WorkoutDayTableViewCell.m in Sources */,
				FFF779471985340C0073E0BE /* NextExerciseCountdownViewController.m in Sources */,
				FFA137571969A58000DBEE68 /* main.m in Sources */,
				FFABFDCF196C4A03004FC527 /* InitialQuestionnaireGoalViewController.m in Sources */,
				FF81625D1983222000443C13 /* ChooseWorkoutDayTableViewCell.m in Sources */,
				FFABFDD6196C88C4004FC527 /* SignUpViewController.m in Sources */,
				FFA137871969F9EA00DBEE68 /* InitialViewController.m in Sources */,
				FF9110C1197BB4AD00818E95 /* GEAPopoverViewController.m in Sources */,
				FF3F70A8196D54BE007AADF1 /* GEASideMenuController.m in Sources */,
				FF78E77E198647AF001396E3 /* WorkoutPlayExerciseViewController.m in Sources */,
				FF9110B5197B1DF200818E95 /* EventReview.m in Sources */,
			);
			runOnlyForDeploymentPostprocessing = 0;
		};
		FFA137661969A58000DBEE68 /* Sources */ = {
			isa = PBXSourcesBuildPhase;
			buildActionMask = 2147483647;
			files = (
				FFA137711969A58000DBEE68 /* gymneaTests.m in Sources */,
			);
			runOnlyForDeploymentPostprocessing = 0;
		};
/* End PBXSourcesBuildPhase section */

/* Begin PBXTargetDependency section */
		FFA1376C1969A58000DBEE68 /* PBXTargetDependency */ = {
			isa = PBXTargetDependency;
			target = FFA137501969A58000DBEE68 /* gymnea */;
			targetProxy = FFA1376B1969A58000DBEE68 /* PBXContainerItemProxy */;
		};
/* End PBXTargetDependency section */

/* Begin XCBuildConfiguration section */
		FFA137721969A58000DBEE68 /* Debug */ = {
			isa = XCBuildConfiguration;
			buildSettings = {
				ALWAYS_SEARCH_USER_PATHS = NO;
				CLANG_CXX_LANGUAGE_STANDARD = "gnu++0x";
				CLANG_CXX_LIBRARY = "libc++";
				CLANG_ENABLE_MODULES = YES;
				CLANG_ENABLE_OBJC_ARC = YES;
				CLANG_WARN_BOOL_CONVERSION = YES;
				CLANG_WARN_CONSTANT_CONVERSION = YES;
				CLANG_WARN_DIRECT_OBJC_ISA_USAGE = YES_ERROR;
				CLANG_WARN_EMPTY_BODY = YES;
				CLANG_WARN_ENUM_CONVERSION = YES;
				CLANG_WARN_INT_CONVERSION = YES;
				CLANG_WARN_OBJC_ROOT_CLASS = YES_ERROR;
				CLANG_WARN_UNREACHABLE_CODE = YES;
				CLANG_WARN__DUPLICATE_METHOD_MATCH = YES;
				"CODE_SIGN_IDENTITY[sdk=iphoneos*]" = "iPhone Developer";
				COPY_PHASE_STRIP = NO;
				ENABLE_STRICT_OBJC_MSGSEND = YES;
				GCC_C_LANGUAGE_STANDARD = gnu99;
				GCC_DYNAMIC_NO_PIC = NO;
				GCC_OPTIMIZATION_LEVEL = 0;
				GCC_PREPROCESSOR_DEFINITIONS = (
					"DEBUG=1",
					"$(inherited)",
				);
				GCC_SYMBOLS_PRIVATE_EXTERN = NO;
				GCC_WARN_64_TO_32_BIT_CONVERSION = YES;
				GCC_WARN_ABOUT_RETURN_TYPE = YES_ERROR;
				GCC_WARN_UNDECLARED_SELECTOR = YES;
				GCC_WARN_UNINITIALIZED_AUTOS = YES_AGGRESSIVE;
				GCC_WARN_UNUSED_FUNCTION = YES;
				GCC_WARN_UNUSED_VARIABLE = YES;
				IPHONEOS_DEPLOYMENT_TARGET = 7.0;
				METAL_ENABLE_DEBUG_INFO = YES;
				ONLY_ACTIVE_ARCH = YES;
				SDKROOT = iphoneos;
			};
			name = Debug;
		};
		FFA137731969A58000DBEE68 /* Release */ = {
			isa = XCBuildConfiguration;
			buildSettings = {
				ALWAYS_SEARCH_USER_PATHS = NO;
				CLANG_CXX_LANGUAGE_STANDARD = "gnu++0x";
				CLANG_CXX_LIBRARY = "libc++";
				CLANG_ENABLE_MODULES = YES;
				CLANG_ENABLE_OBJC_ARC = YES;
				CLANG_WARN_BOOL_CONVERSION = YES;
				CLANG_WARN_CONSTANT_CONVERSION = YES;
				CLANG_WARN_DIRECT_OBJC_ISA_USAGE = YES_ERROR;
				CLANG_WARN_EMPTY_BODY = YES;
				CLANG_WARN_ENUM_CONVERSION = YES;
				CLANG_WARN_INT_CONVERSION = YES;
				CLANG_WARN_OBJC_ROOT_CLASS = YES_ERROR;
				CLANG_WARN_UNREACHABLE_CODE = YES;
				CLANG_WARN__DUPLICATE_METHOD_MATCH = YES;
				"CODE_SIGN_IDENTITY[sdk=iphoneos*]" = "iPhone Developer";
				COPY_PHASE_STRIP = YES;
				ENABLE_NS_ASSERTIONS = NO;
				ENABLE_STRICT_OBJC_MSGSEND = YES;
				GCC_C_LANGUAGE_STANDARD = gnu99;
				GCC_WARN_64_TO_32_BIT_CONVERSION = YES;
				GCC_WARN_ABOUT_RETURN_TYPE = YES_ERROR;
				GCC_WARN_UNDECLARED_SELECTOR = YES;
				GCC_WARN_UNINITIALIZED_AUTOS = YES_AGGRESSIVE;
				GCC_WARN_UNUSED_FUNCTION = YES;
				GCC_WARN_UNUSED_VARIABLE = YES;
				IPHONEOS_DEPLOYMENT_TARGET = 7.0;
				METAL_ENABLE_DEBUG_INFO = NO;
				SDKROOT = iphoneos;
				VALIDATE_PRODUCT = YES;
			};
			name = Release;
		};
		FFA137751969A58000DBEE68 /* Debug */ = {
			isa = XCBuildConfiguration;
			baseConfigurationReference = 835B97ED97C9435588A3435D /* Pods.xcconfig */;
			buildSettings = {
				ASSETCATALOG_COMPILER_APPICON_NAME = AppIcon;
				ASSETCATALOG_COMPILER_LAUNCHIMAGE_NAME = LaunchImage;
				CODE_SIGN_ENTITLEMENTS = gymnea/gymnea.entitlements;
				CODE_SIGN_IDENTITY = "iPhone Developer";
				"CODE_SIGN_IDENTITY[sdk=iphoneos*]" = "iPhone Developer";
				INFOPLIST_FILE = gymnea/Info.plist;
				IPHONEOS_DEPLOYMENT_TARGET = 7.0;
				LD_RUNPATH_SEARCH_PATHS = "$(inherited) @executable_path/Frameworks";
				PRODUCT_NAME = "$(TARGET_NAME)";
				PROVISIONING_PROFILE = "E90CBD3A-E279-42A5-8FDD-ED2980C77AAF";
			};
			name = Debug;
		};
		FFA137761969A58000DBEE68 /* Release */ = {
			isa = XCBuildConfiguration;
			baseConfigurationReference = 835B97ED97C9435588A3435D /* Pods.xcconfig */;
			buildSettings = {
				ASSETCATALOG_COMPILER_APPICON_NAME = AppIcon;
				ASSETCATALOG_COMPILER_LAUNCHIMAGE_NAME = LaunchImage;
				CODE_SIGN_ENTITLEMENTS = gymnea/gymnea.entitlements;
				CODE_SIGN_IDENTITY = "iPhone Developer";
				"CODE_SIGN_IDENTITY[sdk=iphoneos*]" = "iPhone Developer";
				INFOPLIST_FILE = gymnea/Info.plist;
				IPHONEOS_DEPLOYMENT_TARGET = 7.0;
				LD_RUNPATH_SEARCH_PATHS = "$(inherited) @executable_path/Frameworks";
				PRODUCT_NAME = "$(TARGET_NAME)";
				PROVISIONING_PROFILE = "E90CBD3A-E279-42A5-8FDD-ED2980C77AAF";
			};
			name = Release;
		};
		FFA137781969A58000DBEE68 /* Debug */ = {
			isa = XCBuildConfiguration;
			buildSettings = {
				BUNDLE_LOADER = "$(BUILT_PRODUCTS_DIR)/gymnea.app/gymnea";
				FRAMEWORK_SEARCH_PATHS = (
					"$(SDKROOT)/Developer/Library/Frameworks",
					"$(inherited)",
				);
				GCC_PREPROCESSOR_DEFINITIONS = (
					"DEBUG=1",
					"$(inherited)",
				);
				INFOPLIST_FILE = gymneaTests/Info.plist;
				LD_RUNPATH_SEARCH_PATHS = "$(inherited) @executable_path/Frameworks @loader_path/Frameworks";
				METAL_ENABLE_DEBUG_INFO = YES;
				PRODUCT_NAME = "$(TARGET_NAME)";
				TEST_HOST = "$(BUNDLE_LOADER)";
			};
			name = Debug;
		};
		FFA137791969A58000DBEE68 /* Release */ = {
			isa = XCBuildConfiguration;
			buildSettings = {
				BUNDLE_LOADER = "$(BUILT_PRODUCTS_DIR)/gymnea.app/gymnea";
				FRAMEWORK_SEARCH_PATHS = (
					"$(SDKROOT)/Developer/Library/Frameworks",
					"$(inherited)",
				);
				INFOPLIST_FILE = gymneaTests/Info.plist;
				LD_RUNPATH_SEARCH_PATHS = "$(inherited) @executable_path/Frameworks @loader_path/Frameworks";
				METAL_ENABLE_DEBUG_INFO = NO;
				PRODUCT_NAME = "$(TARGET_NAME)";
				TEST_HOST = "$(BUNDLE_LOADER)";
			};
			name = Release;
		};
/* End XCBuildConfiguration section */

/* Begin XCConfigurationList section */
		FFA1374C1969A58000DBEE68 /* Build configuration list for PBXProject "Gymnea" */ = {
			isa = XCConfigurationList;
			buildConfigurations = (
				FFA137721969A58000DBEE68 /* Debug */,
				FFA137731969A58000DBEE68 /* Release */,
			);
			defaultConfigurationIsVisible = 0;
			defaultConfigurationName = Release;
		};
		FFA137741969A58000DBEE68 /* Build configuration list for PBXNativeTarget "gymnea" */ = {
			isa = XCConfigurationList;
			buildConfigurations = (
				FFA137751969A58000DBEE68 /* Debug */,
				FFA137761969A58000DBEE68 /* Release */,
			);
			defaultConfigurationIsVisible = 0;
			defaultConfigurationName = Release;
		};
		FFA137771969A58000DBEE68 /* Build configuration list for PBXNativeTarget "gymneaTests" */ = {
			isa = XCConfigurationList;
			buildConfigurations = (
				FFA137781969A58000DBEE68 /* Debug */,
				FFA137791969A58000DBEE68 /* Release */,
			);
			defaultConfigurationIsVisible = 0;
			defaultConfigurationName = Release;
		};
/* End XCConfigurationList section */

/* Begin XCVersionGroup section */
		FFA1375B1969A58000DBEE68 /* gymnea.xcdatamodeld */ = {
			isa = XCVersionGroup;
			children = (
				FFA1375C1969A58000DBEE68 /* gymnea.xcdatamodel */,
			);
			currentVersion = FFA1375C1969A58000DBEE68 /* gymnea.xcdatamodel */;
			path = gymnea.xcdatamodeld;
			sourceTree = "<group>";
			versionGroupType = wrapper.xcdatamodel;
		};
/* End XCVersionGroup section */
	};
	rootObject = FFA137491969A58000DBEE68 /* Project object */;
}
